
Microsoft Visual Studio Solution File, Format Version 12.00
Project("{FAE04EC0-301F-11D3-BF4B-00C04F79EFBC}") = "ThinkWorld.Global.API", "ThinkWorld.Global.API\ThinkWorld.Global.API.csproj", "{6B0D27E7-9413-4984-878F-FE88E25D0BEF}"
EndProject
Project("{FAE04EC0-301F-11D3-BF4B-00C04F79EFBC}") = "ThinkWorld.PII.Router.API", "ThinkWorld.PII.Router.API\ThinkWorld.PII.Router.API.csproj", "{838FFF0F-F170-4F00-A38B-6C6B29D67FFB}"
EndProject
Project("{FAE04EC0-301F-11D3-BF4B-00C04F79EFBC}") = "ThinkWorld.PII.API", "ThinkWorld.PII.API\ThinkWorld.PII.API.csproj", "{468EF870-331E-4925-A94E-8648C5D030BC}"
EndProject
Project("{FAE04EC0-301F-11D3-BF4B-00C04F79EFBC}") = "ThinkWorld.Global.Processor", "ThinkWorld.Global.Processor\ThinkWorld.Global.Processor.csproj", "{24F45BF8-825C-4578-A03C-A5893E4FF368}"
EndProject
Project("{FAE04EC0-301F-11D3-BF4B-00C04F79EFBC}") = "ThinkWorld.PII.Processor", "ThinkWorld.PII.Processor\ThinkWorld.PII.Processor.csproj", "{98DD7A81-0E7B-4B53-8DB4-CDC88D768454}"
EndProject
Project("{FAE04EC0-301F-11D3-BF4B-00C04F79EFBC}") = "ThinkWorld.Services", "ThinkWorld.Services\ThinkWorld.Services.csproj", "{631AEE9B-70DC-4840-94A4-EB1AACF2A3D0}"
EndProject
Project("{FAE04EC0-301F-11D3-BF4B-00C04F79EFBC}") = "ThinkWorld.Domain", "ThinkWorld.Domain\ThinkWorld.Domain.csproj", "{8ABA0A7A-8F78-41A5-8DD9-A1C2A5DD4A26}"
EndProject
Project("{FAE04EC0-301F-11D3-BF4B-00C04F79EFBC}") = "ThinkWorld.Events.Handlers", "ThinkWorld.Events.Handlers\ThinkWorld.Events.Handlers.csproj", "{37596F4F-8C85-450D-9CEF-03C43E5C8310}"
EndProject
Project("{FAE04EC0-301F-11D3-BF4B-00C04F79EFBC}") = "ThinkWorld.PII.Router.Handlers", "ThinkWorld.PII.Router.Handlers\ThinkWorld.PII.Router.Handlers.csproj", "{5CF9E9E0-4AC7-4F18-B1EA-3B0C5AF6A37B}"
EndProject
Project("{FAE04EC0-301F-11D3-BF4B-00C04F79EFBC}") = "ThinkWorld.Pii.Handlers", "ThinkWorld.Pii.Handlers\ThinkWorld.Pii.Handlers.csproj", "{D4C29710-B00C-4376-8EE0-A81E898D1C89}"
EndProject
Global
	GlobalSection(SolutionConfigurationPlatforms) = preSolution
		Debug|Any CPU = Debug|Any CPU
		Release|Any CPU = Release|Any CPU
	EndGlobalSection
	GlobalSection(ProjectConfigurationPlatforms) = postSolution
		{6B0D27E7-9413-4984-878F-FE88E25D0BEF}.Debug|Any CPU.ActiveCfg = Debug|Any CPU
		{6B0D27E7-9413-4984-878F-FE88E25D0BEF}.Debug|Any CPU.Build.0 = Debug|Any CPU
		{6B0D27E7-9413-4984-878F-FE88E25D0BEF}.Release|Any CPU.ActiveCfg = Release|Any CPU
		{6B0D27E7-9413-4984-878F-FE88E25D0BEF}.Release|Any CPU.Build.0 = Release|Any CPU
		{838FFF0F-F170-4F00-A38B-6C6B29D67FFB}.Debug|Any CPU.ActiveCfg = Debug|Any CPU
		{838FFF0F-F170-4F00-A38B-6C6B29D67FFB}.Debug|Any CPU.Build.0 = Debug|Any CPU
		{838FFF0F-F170-4F00-A38B-6C6B29D67FFB}.Release|Any CPU.ActiveCfg = Release|Any CPU
		{838FFF0F-F170-4F00-A38B-6C6B29D67FFB}.Release|Any CPU.Build.0 = Release|Any CPU
		{468EF870-331E-4925-A94E-8648C5D030BC}.Debug|Any CPU.ActiveCfg = Debug|Any CPU
		{468EF870-331E-4925-A94E-8648C5D030BC}.Debug|Any CPU.Build.0 = Debug|Any CPU
		{468EF870-331E-4925-A94E-8648C5D030BC}.Release|Any CPU.ActiveCfg = Release|Any CPU
		{468EF870-331E-4925-A94E-8648C5D030BC}.Release|Any CPU.Build.0 = Release|Any CPU
		{24F45BF8-825C-4578-A03C-A5893E4FF368}.Debug|Any CPU.ActiveCfg = Debug|Any CPU
		{24F45BF8-825C-4578-A03C-A5893E4FF368}.Debug|Any CPU.Build.0 = Debug|Any CPU
		{24F45BF8-825C-4578-A03C-A5893E4FF368}.Release|Any CPU.ActiveCfg = Release|Any CPU
		{24F45BF8-825C-4578-A03C-A5893E4FF368}.Release|Any CPU.Build.0 = Release|Any CPU
		{98DD7A81-0E7B-4B53-8DB4-CDC88D768454}.Debug|Any CPU.ActiveCfg = Debug|Any CPU
		{98DD7A81-0E7B-4B53-8DB4-CDC88D768454}.Debug|Any CPU.Build.0 = Debug|Any CPU
		{98DD7A81-0E7B-4B53-8DB4-CDC88D768454}.Release|Any CPU.ActiveCfg = Release|Any CPU
		{98DD7A81-0E7B-4B53-8DB4-CDC88D768454}.Release|Any CPU.Build.0 = Release|Any CPU
		{631AEE9B-70DC-4840-94A4-EB1AACF2A3D0}.Debug|Any CPU.ActiveCfg = Debug|Any CPU
		{631AEE9B-70DC-4840-94A4-EB1AACF2A3D0}.Debug|Any CPU.Build.0 = Debug|Any CPU
		{631AEE9B-70DC-4840-94A4-EB1AACF2A3D0}.Release|Any CPU.ActiveCfg = Release|Any CPU
		{631AEE9B-70DC-4840-94A4-EB1AACF2A3D0}.Release|Any CPU.Build.0 = Release|Any CPU
		{8ABA0A7A-8F78-41A5-8DD9-A1C2A5DD4A26}.Debug|Any CPU.ActiveCfg = Debug|Any CPU
		{8ABA0A7A-8F78-41A5-8DD9-A1C2A5DD4A26}.Debug|Any CPU.Build.0 = Debug|Any CPU
		{8ABA0A7A-8F78-41A5-8DD9-A1C2A5DD4A26}.Release|Any CPU.ActiveCfg = Release|Any CPU
		{8ABA0A7A-8F78-41A5-8DD9-A1C2A5DD4A26}.Release|Any CPU.Build.0 = Release|Any CPU
		{37596F4F-8C85-450D-9CEF-03C43E5C8310}.Debug|Any CPU.ActiveCfg = Debug|Any CPU
		{37596F4F-8C85-450D-9CEF-03C43E5C8310}.Debug|Any CPU.Build.0 = Debug|Any CPU
		{37596F4F-8C85-450D-9CEF-03C43E5C8310}.Release|Any CPU.ActiveCfg = Release|Any CPU
		{37596F4F-8C85-450D-9CEF-03C43E5C8310}.Release|Any CPU.Build.0 = Release|Any CPU
		{5CF9E9E0-4AC7-4F18-B1EA-3B0C5AF6A37B}.Debug|Any CPU.ActiveCfg = Debug|Any CPU
		{5CF9E9E0-4AC7-4F18-B1EA-3B0C5AF6A37B}.Debug|Any CPU.Build.0 = Debug|Any CPU
		{5CF9E9E0-4AC7-4F18-B1EA-3B0C5AF6A37B}.Release|Any CPU.ActiveCfg = Release|Any CPU
		{5CF9E9E0-4AC7-4F18-B1EA-3B0C5AF6A37B}.Release|Any CPU.Build.0 = Release|Any CPU
		{D4C29710-B00C-4376-8EE0-A81E898D1C89}.Debug|Any CPU.ActiveCfg = Debug|Any CPU
		{D4C29710-B00C-4376-8EE0-A81E898D1C89}.Debug|Any CPU.Build.0 = Debug|Any CPU
		{D4C29710-B00C-4376-8EE0-A81E898D1C89}.Release|Any CPU.ActiveCfg = Release|Any CPU
		{D4C29710-B00C-4376-8EE0-A81E898D1C89}.Release|Any CPU.Build.0 = Release|Any CPU
	EndGlobalSection
EndGlobal
